{
  "version": "5",
  "specifiers": {
    "npm:chalk@^5.6.2": "5.6.2"
  },
  "npm": {
    "chalk@5.6.2": {
      "integrity": "sha512-7NzBL0rN6fMUW+f7A6Io4h40qQlG+xGmtMxfbnH/K7TAtt8JQWVQK+6g0UXKMeVJoyV5EkkNsErQ8pVD3bLHbA=="
    }
  },
  "workspace": {
    "dependencies": [
      "npm:chalk@^5.6.2"
    ]
  }
}
